
Microsoft Visual Studio Solution File, Format Version 12.00
# Visual Studio 2012
Project("{FAE04EC0-301F-11D3-BF4B-00C04F79EFBC}") = "InternalProject", "InternalProject\InternalProject.csproj", "{16BA29A3-9C90-40AA-87A6-D92FD8782F4D}"
EndProject
Project("{FAE04EC0-301F-11D3-BF4B-00C04F79EFBC}") = "InternalProject.Tests", "InternalProject.Tests\InternalProject.Tests.csproj", "{0758F433-CBF8-49BE-A436-F36AF754226A}"
EndProject
Global
	GlobalSection(SolutionConfigurationPlatforms) = preSolution
		Debug|Any CPU = Debug|Any CPU
		Release|Any CPU = Release|Any CPU
	EndGlobalSection
	GlobalSection(ProjectConfigurationPlatforms) = postSolution
		{16BA29A3-9C90-40AA-87A6-D92FD8782F4D}.Debug|Any CPU.ActiveCfg = Debug|Any CPU
		{16BA29A3-9C90-40AA-87A6-D92FD8782F4D}.Debug|Any CPU.Build.0 = Debug|Any CPU
		{16BA29A3-9C90-40AA-87A6-D92FD8782F4D}.Release|Any CPU.ActiveCfg = Release|Any CPU
		{16BA29A3-9C90-40AA-87A6-D92FD8782F4D}.Release|Any CPU.Build.0 = Release|Any CPU
		{0758F433-CBF8-49BE-A436-F36AF754226A}.Debug|Any CPU.ActiveCfg = Debug|Any CPU
		{0758F433-CBF8-49BE-A436-F36AF754226A}.Debug|Any CPU.Build.0 = Debug|Any CPU
		{0758F433-CBF8-49BE-A436-F36AF754226A}.Release|Any CPU.ActiveCfg = Release|Any CPU
		{0758F433-CBF8-49BE-A436-F36AF754226A}.Release|Any CPU.Build.0 = Release|Any CPU
	EndGlobalSection
	GlobalSection(SolutionProperties) = preSolution
		HideSolutionNode = FALSE
	EndGlobalSection
EndGlobal
